
Microsoft Visual Studio Solution File, Format Version 12.00
# Visual Studio Version 17
VisualStudioVersion = 17.6.33717.318
MinimumVisualStudioVersion = 10.0.40219.1
Project("{9A19103F-16F7-4668-BE54-9A1E7A4F7556}") = "MvpPesquisador", "MvpPesquisador\MvpPesquisador.csproj", "{446E469E-06C7-48C4-93AE-01E9286E071B}"
EndProject
Global
	GlobalSection(SolutionConfigurationPlatforms) = preSolution
		Debug|Any CPU = Debug|Any CPU
		Release|Any CPU = Release|Any CPU
	EndGlobalSection
	GlobalSection(ProjectConfigurationPlatforms) = postSolution
		{446E469E-06C7-48C4-93AE-01E9286E071B}.Debug|Any CPU.ActiveCfg = Debug|Any CPU
		{446E469E-06C7-48C4-93AE-01E9286E071B}.Debug|Any CPU.Build.0 = Debug|Any CPU
		{446E469E-06C7-48C4-93AE-01E9286E071B}.Release|Any CPU.ActiveCfg = Release|Any CPU
		{446E469E-06C7-48C4-93AE-01E9286E071B}.Release|Any CPU.Build.0 = Release|Any CPU
	EndGlobalSection
	GlobalSection(SolutionProperties) = preSolution
		HideSolutionNode = FALSE
	EndGlobalSection
	GlobalSection(ExtensibilityGlobals) = postSolution
		SolutionGuid = {DFE66C93-A17F-43A2-BC46-9FFCF8AEC8D7}
	EndGlobalSection
EndGlobal
